{
  "name": "dependent-demo",
  "version": "1.0.0",
  "lockfileVersion": 3,
  "requires": true,
  "packages": {
    "": {
      "name": "dependent-demo",
      "version": "1.0.0",
      "dependencies": {
        "my-vue-project": "github:wangjingyu001/my-vue-project"
      }
    },
    "node_modules/my-vue-project": {
      "version": "0.0.0",
      "resolved": "git+ssh://git@github.com/wangjingyu001/my-vue-project.git",
      "license": "ISC"
    }
  }
}
